
Microsoft Visual Studio Solution File, Format Version 12.00
# Visual Studio Version 17
VisualStudioVersion = 17.14.37012.4
MinimumVisualStudioVersion = 10.0.40219.1
Project("{FAE04EC0-301F-11D3-BF4B-00C04F79EFBC}") = "Bank", "Bank\Bank.csproj", "{402D1FB1-A6EE-463E-A0D4-ADB0BA9D2FC7}"
EndProject
Project("{FAE04EC0-301F-11D3-BF4B-00C04F79EFBC}") = "BankTests", "BankTests\BankTests.csproj", "{31BD6898-EF4C-4E3F-8B8E-CB02CB64E2B4}"
EndProject
Global
	GlobalSection(SolutionConfigurationPlatforms) = preSolution
		Debug|Any CPU = Debug|Any CPU
		Release|Any CPU = Release|Any CPU
	EndGlobalSection
	GlobalSection(ProjectConfigurationPlatforms) = postSolution
		{402D1FB1-A6EE-463E-A0D4-ADB0BA9D2FC7}.Debug|Any CPU.ActiveCfg = Debug|Any CPU
		{402D1FB1-A6EE-463E-A0D4-ADB0BA9D2FC7}.Debug|Any CPU.Build.0 = Debug|Any CPU
		{402D1FB1-A6EE-463E-A0D4-ADB0BA9D2FC7}.Release|Any CPU.ActiveCfg = Release|Any CPU
		{402D1FB1-A6EE-463E-A0D4-ADB0BA9D2FC7}.Release|Any CPU.Build.0 = Release|Any CPU
		{31BD6898-EF4C-4E3F-8B8E-CB02CB64E2B4}.Debug|Any CPU.ActiveCfg = Debug|Any CPU
		{31BD6898-EF4C-4E3F-8B8E-CB02CB64E2B4}.Debug|Any CPU.Build.0 = Debug|Any CPU
		{31BD6898-EF4C-4E3F-8B8E-CB02CB64E2B4}.Release|Any CPU.ActiveCfg = Release|Any CPU
		{31BD6898-EF4C-4E3F-8B8E-CB02CB64E2B4}.Release|Any CPU.Build.0 = Release|Any CPU
	EndGlobalSection
	GlobalSection(SolutionProperties) = preSolution
		HideSolutionNode = FALSE
	EndGlobalSection
	GlobalSection(ExtensibilityGlobals) = postSolution
		SolutionGuid = {6DB24EAD-685A-4915-8171-219742ADAF58}
	EndGlobalSection
EndGlobal
